
Microsoft Visual Studio Solution File, Format Version 12.00
# Visual Studio 15
VisualStudioVersion = 15.0.28307.1062
MinimumVisualStudioVersion = 10.0.40219.1
Project("{FAE04EC0-301F-11D3-BF4B-00C04F79EFBC}") = "Molk-Zipper", "Molk-Zipper\Molk-Zipper.csproj", "{EFC91611-AF08-4C3A-81B4-32BB3A5F7E87}"
EndProject
Global
	GlobalSection(SolutionConfigurationPlatforms) = preSolution
		Debug|Any CPU = Debug|Any CPU
		Release|Any CPU = Release|Any CPU
	EndGlobalSection
	GlobalSection(ProjectConfigurationPlatforms) = postSolution
		{EFC91611-AF08-4C3A-81B4-32BB3A5F7E87}.Debug|Any CPU.ActiveCfg = Debug|Any CPU
		{EFC91611-AF08-4C3A-81B4-32BB3A5F7E87}.Debug|Any CPU.Build.0 = Debug|Any CPU
		{EFC91611-AF08-4C3A-81B4-32BB3A5F7E87}.Release|Any CPU.ActiveCfg = Release|Any CPU
		{EFC91611-AF08-4C3A-81B4-32BB3A5F7E87}.Release|Any CPU.Build.0 = Release|Any CPU
	EndGlobalSection
	GlobalSection(SolutionProperties) = preSolution
		HideSolutionNode = FALSE
	EndGlobalSection
	GlobalSection(ExtensibilityGlobals) = postSolution
		SolutionGuid = {1CFA478E-2DE9-4783-8225-82B5E854C603}
	EndGlobalSection
EndGlobal
